
Microsoft Visual Studio Solution File, Format Version 12.00
# Visual Studio 15
VisualStudioVersion = 15.0.26430.6
MinimumVisualStudioVersion = 10.0.40219.1
Project("{FAE04EC0-301F-11D3-BF4B-00C04F79EFBC}") = "HalfEdgeConverter", "HalfEdgeConverter.csproj", "{92E5F94D-2452-43BB-A635-1209ED90889F}"
EndProject
Project("{FAE04EC0-301F-11D3-BF4B-00C04F79EFBC}") = "HEConverterUI", "HEConverterUI\HEConverterUI.csproj", "{6A7C7183-F3DA-4F15-9B5D-292DD4F48CE5}"
EndProject
Global
	GlobalSection(SolutionConfigurationPlatforms) = preSolution
		Debug|Any CPU = Debug|Any CPU
		Release|Any CPU = Release|Any CPU
	EndGlobalSection
	GlobalSection(ProjectConfigurationPlatforms) = postSolution
		{92E5F94D-2452-43BB-A635-1209ED90889F}.Debug|Any CPU.ActiveCfg = Debug|Any CPU
		{92E5F94D-2452-43BB-A635-1209ED90889F}.Debug|Any CPU.Build.0 = Debug|Any CPU
		{92E5F94D-2452-43BB-A635-1209ED90889F}.Release|Any CPU.ActiveCfg = Release|Any CPU
		{92E5F94D-2452-43BB-A635-1209ED90889F}.Release|Any CPU.Build.0 = Release|Any CPU
		{6A7C7183-F3DA-4F15-9B5D-292DD4F48CE5}.Debug|Any CPU.ActiveCfg = Debug|Any CPU
		{6A7C7183-F3DA-4F15-9B5D-292DD4F48CE5}.Debug|Any CPU.Build.0 = Debug|Any CPU
		{6A7C7183-F3DA-4F15-9B5D-292DD4F48CE5}.Release|Any CPU.ActiveCfg = Release|Any CPU
		{6A7C7183-F3DA-4F15-9B5D-292DD4F48CE5}.Release|Any CPU.Build.0 = Release|Any CPU
	EndGlobalSection
	GlobalSection(SolutionProperties) = preSolution
		HideSolutionNode = FALSE
	EndGlobalSection
EndGlobal
